// !$*UTF8*$!
{
	archiveVersion = 1;
	classes = {
	};
	objectVersion = 52;
	objects = {

/* Begin PBXBuildFile section */
		3966A16C24A677B20021525E /* Initiative WatchKit App.app in Embed Watch Content */ = {isa = PBXBuildFile; fileRef = 3966A16B24A677B20021525E /* Initiative WatchKit App.app */; settings = {ATTRIBUTES = (RemoveHeadersOnCopy, ); }; };
		3966A17124A677B30021525E /* Assets.xcassets in Resources */ = {isa = PBXBuildFile; fileRef = 3966A17024A677B30021525E /* Assets.xcassets */; };
		3966A17824A677B40021525E /* Initiative WatchKit Extension.appex in Embed App Extensions */ = {isa = PBXBuildFile; fileRef = 3966A17724A677B40021525E /* Initiative WatchKit Extension.appex */; settings = {ATTRIBUTES = (RemoveHeadersOnCopy, ); }; };
		3966A17D24A677B40021525E /* ContentView.swift in Sources */ = {isa = PBXBuildFile; fileRef = 3966A17C24A677B40021525E /* ContentView.swift */; };
		3966A17F24A677B40021525E /* InitiativeApp.swift in Sources */ = {isa = PBXBuildFile; fileRef = 3966A17E24A677B40021525E /* InitiativeApp.swift */; };
		3966A18124A677B40021525E /* Assets.xcassets in Resources */ = {isa = PBXBuildFile; fileRef = 3966A18024A677B40021525E /* Assets.xcassets */; };
		3966A18424A677B40021525E /* Preview Assets.xcassets in Resources */ = {isa = PBXBuildFile; fileRef = 3966A18324A677B40021525E /* Preview Assets.xcassets */; };
		3966A19424A679090021525E /* DicePicker.swift in Sources */ = {isa = PBXBuildFile; fileRef = 3966A19324A679090021525E /* DicePicker.swift */; };
		3966A19624A67A4A0021525E /* RollButton.swift in Sources */ = {isa = PBXBuildFile; fileRef = 3966A19524A67A4A0021525E /* RollButton.swift */; };
		39B05C29261444C00032426B /* ComposableArchitecture in Frameworks */ = {isa = PBXBuildFile; productRef = 39B05C28261444C00032426B /* ComposableArchitecture */; };
/* End PBXBuildFile section */

/* Begin PBXContainerItemProxy section */
		3966A16D24A677B20021525E /* PBXContainerItemProxy */ = {
			isa = PBXContainerItemProxy;
			containerPortal = 3966A16124A677B20021525E /* Project object */;
			proxyType = 1;
			remoteGlobalIDString = 3966A16A24A677B20021525E;
			remoteInfo = "Initiative WatchKit App";
		};
		3966A17924A677B40021525E /* PBXContainerItemProxy */ = {
			isa = PBXContainerItemProxy;
			containerPortal = 3966A16124A677B20021525E /* Project object */;
			proxyType = 1;
			remoteGlobalIDString = 3966A17624A677B40021525E;
			remoteInfo = "Initiative WatchKit Extension";
		};
/* End PBXContainerItemProxy section */

/* Begin PBXCopyFilesBuildPhase section */
		3966A18B24A677B40021525E /* Embed App Extensions */ = {
			isa = PBXCopyFilesBuildPhase;
			buildActionMask = 2147483647;
			dstPath = "";
			dstSubfolderSpec = 13;
			files = (
				3966A17824A677B40021525E /* Initiative WatchKit Extension.appex in Embed App Extensions */,
			);
			name = "Embed App Extensions";
			runOnlyForDeploymentPostprocessing = 0;
		};
		3966A18F24A677B40021525E /* Embed Watch Content */ = {
			isa = PBXCopyFilesBuildPhase;
			buildActionMask = 2147483647;
			dstPath = "$(CONTENTS_FOLDER_PATH)/Watch";
			dstSubfolderSpec = 16;
			files = (
				3966A16C24A677B20021525E /* Initiative WatchKit App.app in Embed Watch Content */,
			);
			name = "Embed Watch Content";
			runOnlyForDeploymentPostprocessing = 0;
		};
/* End PBXCopyFilesBuildPhase section */

/* Begin PBXFileReference section */
		3966A16724A677B20021525E /* Initiative.app */ = {isa = PBXFileReference; explicitFileType = wrapper.application; includeInIndex = 0; path = Initiative.app; sourceTree = BUILT_PRODUCTS_DIR; };
		3966A16B24A677B20021525E /* Initiative WatchKit App.app */ = {isa = PBXFileReference; explicitFileType = wrapper.application; includeInIndex = 0; path = "Initiative WatchKit App.app"; sourceTree = BUILT_PRODUCTS_DIR; };
		3966A17024A677B30021525E /* Assets.xcassets */ = {isa = PBXFileReference; lastKnownFileType = folder.assetcatalog; path = Assets.xcassets; sourceTree = "<group>"; };
		3966A17224A677B30021525E /* Info.plist */ = {isa = PBXFileReference; lastKnownFileType = text.plist.xml; path = Info.plist; sourceTree = "<group>"; };
		3966A17724A677B40021525E /* Initiative WatchKit Extension.appex */ = {isa = PBXFileReference; explicitFileType = "wrapper.app-extension"; includeInIndex = 0; path = "Initiative WatchKit Extension.appex"; sourceTree = BUILT_PRODUCTS_DIR; };
		3966A17C24A677B40021525E /* ContentView.swift */ = {isa = PBXFileReference; lastKnownFileType = sourcecode.swift; path = ContentView.swift; sourceTree = "<group>"; };
		3966A17E24A677B40021525E /* InitiativeApp.swift */ = {isa = PBXFileReference; lastKnownFileType = sourcecode.swift; path = InitiativeApp.swift; sourceTree = "<group>"; };
		3966A18024A677B40021525E /* Assets.xcassets */ = {isa = PBXFileReference; lastKnownFileType = folder.assetcatalog; path = Assets.xcassets; sourceTree = "<group>"; };
		3966A18324A677B40021525E /* Preview Assets.xcassets */ = {isa = PBXFileReference; lastKnownFileType = folder.assetcatalog; path = "Preview Assets.xcassets"; sourceTree = "<group>"; };
		3966A18524A677B40021525E /* Info.plist */ = {isa = PBXFileReference; lastKnownFileType = text.plist.xml; path = Info.plist; sourceTree = "<group>"; };
		3966A19324A679090021525E /* DicePicker.swift */ = {isa = PBXFileReference; lastKnownFileType = sourcecode.swift; path = DicePicker.swift; sourceTree = "<group>"; };
		3966A19524A67A4A0021525E /* RollButton.swift */ = {isa = PBXFileReference; lastKnownFileType = sourcecode.swift; path = RollButton.swift; sourceTree = "<group>"; };
/* End PBXFileReference section */

/* Begin PBXFrameworksBuildPhase section */
		3966A17424A677B40021525E /* Frameworks */ = {
			isa = PBXFrameworksBuildPhase;
			buildActionMask = 2147483647;
			files = (
				39B05C29261444C00032426B /* ComposableArchitecture in Frameworks */,
			);
			runOnlyForDeploymentPostprocessing = 0;
		};
/* End PBXFrameworksBuildPhase section */

/* Begin PBXGroup section */
		3966A16024A677B20021525E = {
			isa = PBXGroup;
			children = (
				3966A16F24A677B20021525E /* Initiative WatchKit App */,
				3966A17B24A677B40021525E /* Initiative WatchKit Extension */,
				3966A16824A677B20021525E /* Products */,
				39B05C27261444C00032426B /* Frameworks */,
			);
			sourceTree = "<group>";
		};
		3966A16824A677B20021525E /* Products */ = {
			isa = PBXGroup;
			children = (
				3966A16724A677B20021525E /* Initiative.app */,
				3966A16B24A677B20021525E /* Initiative WatchKit App.app */,
				3966A17724A677B40021525E /* Initiative WatchKit Extension.appex */,
			);
			name = Products;
			sourceTree = "<group>";
		};
		3966A16F24A677B20021525E /* Initiative WatchKit App */ = {
			isa = PBXGroup;
			children = (
				3966A17024A677B30021525E /* Assets.xcassets */,
				3966A17224A677B30021525E /* Info.plist */,
			);
			path = "Initiative WatchKit App";
			sourceTree = "<group>";
		};
		3966A17B24A677B40021525E /* Initiative WatchKit Extension */ = {
			isa = PBXGroup;
			children = (
				3966A17E24A677B40021525E /* InitiativeApp.swift */,
				3966A17C24A677B40021525E /* ContentView.swift */,
				3966A19324A679090021525E /* DicePicker.swift */,
				3966A19524A67A4A0021525E /* RollButton.swift */,
				3966A18024A677B40021525E /* Assets.xcassets */,
				3966A18524A677B40021525E /* Info.plist */,
				3966A18224A677B40021525E /* Preview Content */,
			);
			path = "Initiative WatchKit Extension";
			sourceTree = "<group>";
		};
		3966A18224A677B40021525E /* Preview Content */ = {
			isa = PBXGroup;
			children = (
				3966A18324A677B40021525E /* Preview Assets.xcassets */,
			);
			path = "Preview Content";
			sourceTree = "<group>";
		};
		39B05C27261444C00032426B /* Frameworks */ = {
			isa = PBXGroup;
			children = (
			);
			name = Frameworks;
			sourceTree = "<group>";
		};
/* End PBXGroup section */

/* Begin PBXNativeTarget section */
		3966A16624A677B20021525E /* Initiative */ = {
			isa = PBXNativeTarget;
			buildConfigurationList = 3966A19024A677B40021525E /* Build configuration list for PBXNativeTarget "Initiative" */;
			buildPhases = (
				3966A16524A677B20021525E /* Resources */,
				3966A18F24A677B40021525E /* Embed Watch Content */,
			);
			buildRules = (
			);
			dependencies = (
				3966A16E24A677B20021525E /* PBXTargetDependency */,
			);
			name = Initiative;
			packageProductDependencies = (
				39B05C26261444740032426B /* ComposableArchitecture */,
			);
			productName = Initiative;
			productReference = 3966A16724A677B20021525E /* Initiative.app */;
			productType = "com.apple.product-type.application.watchapp2-container";
		};
		3966A16A24A677B20021525E /* Initiative WatchKit App */ = {
			isa = PBXNativeTarget;
			buildConfigurationList = 3966A18C24A677B40021525E /* Build configuration list for PBXNativeTarget "Initiative WatchKit App" */;
			buildPhases = (
				3966A16924A677B20021525E /* Resources */,
				3966A18B24A677B40021525E /* Embed App Extensions */,
			);
			buildRules = (
			);
			dependencies = (
				3966A17A24A677B40021525E /* PBXTargetDependency */,
			);
			name = "Initiative WatchKit App";
			productName = "Initiative WatchKit App";
			productReference = 3966A16B24A677B20021525E /* Initiative WatchKit App.app */;
			productType = "com.apple.product-type.application.watchapp2";
		};
		3966A17624A677B40021525E /* Initiative WatchKit Extension */ = {
			isa = PBXNativeTarget;
			buildConfigurationList = 3966A18824A677B40021525E /* Build configuration list for PBXNativeTarget "Initiative WatchKit Extension" */;
			buildPhases = (
				3966A17324A677B40021525E /* Sources */,
				3966A17424A677B40021525E /* Frameworks */,
				3966A17524A677B40021525E /* Resources */,
			);
			buildRules = (
			);
			dependencies = (
			);
			name = "Initiative WatchKit Extension";
			packageProductDependencies = (
				39B05C28261444C00032426B /* ComposableArchitecture */,
			);
			productName = "Initiative WatchKit Extension";
			productReference = 3966A17724A677B40021525E /* Initiative WatchKit Extension.appex */;
			productType = "com.apple.product-type.watchkit2-extension";
		};
/* End PBXNativeTarget section */

/* Begin PBXProject section */
		3966A16124A677B20021525E /* Project object */ = {
			isa = PBXProject;
			attributes = {
				LastSwiftUpdateCheck = 1200;
				LastUpgradeCheck = 1200;
				TargetAttributes = {
					3966A16624A677B20021525E = {
						CreatedOnToolsVersion = 12.0;
					};
					3966A16A24A677B20021525E = {
						CreatedOnToolsVersion = 12.0;
					};
					3966A17624A677B40021525E = {
						CreatedOnToolsVersion = 12.0;
					};
				};
			};
			buildConfigurationList = 3966A16424A677B20021525E /* Build configuration list for PBXProject "Initiative" */;
			compatibilityVersion = "Xcode 9.3";
			developmentRegion = en;
			hasScannedForEncodings = 0;
			knownRegions = (
				en,
				Base,
			);
			mainGroup = 3966A16024A677B20021525E;
			packageReferences = (
				39B05C25261444740032426B /* XCRemoteSwiftPackageReference "swift-composable-architecture" */,
			);
			productRefGroup = 3966A16824A677B20021525E /* Products */;
			projectDirPath = "";
			projectRoot = "";
			targets = (
				3966A16624A677B20021525E /* Initiative */,
				3966A16A24A677B20021525E /* Initiative WatchKit App */,
				3966A17624A677B40021525E /* Initiative WatchKit Extension */,
			);
		};
/* End PBXProject section */

/* Begin PBXResourcesBuildPhase section */
		3966A16524A677B20021525E /* Resources */ = {
			isa = PBXResourcesBuildPhase;
			buildActionMask = 2147483647;
			files = (
			);
			runOnlyForDeploymentPostprocessing = 0;
		};
		3966A16924A677B20021525E /* Resources */ = {
			isa = PBXResourcesBuildPhase;
			buildActionMask = 2147483647;
			files = (
				3966A17124A677B30021525E /* Assets.xcassets in Resources */,
			);
			runOnlyForDeploymentPostprocessing = 0;
		};
		3966A17524A677B40021525E /* Resources */ = {
			isa = PBXResourcesBuildPhase;
			buildActionMask = 2147483647;
			files = (
				3966A18424A677B40021525E /* Preview Assets.xcassets in Resources */,
				3966A18124A677B40021525E /* Assets.xcassets in Resources */,
			);
			runOnlyForDeploymentPostprocessing = 0;
		};
/* End PBXResourcesBuildPhase section */

/* Begin PBXSourcesBuildPhase section */
		3966A17324A677B40021525E /* Sources */ = {
			isa = PBXSourcesBuildPhase;
			buildActionMask = 2147483647;
			files = (
				3966A19624A67A4A0021525E /* RollButton.swift in Sources */,
				3966A17D24A677B40021525E /* ContentView.swift in Sources */,
				3966A19424A679090021525E /* DicePicker.swift in Sources */,
				3966A17F24A677B40021525E /* InitiativeApp.swift in Sources */,
			);
			runOnlyForDeploymentPostprocessing = 0;
		};
/* End PBXSourcesBuildPhase section */

/* Begin PBXTargetDependency section */
		3966A16E24A677B20021525E /* PBXTargetDependency */ = {
			isa = PBXTargetDependency;
			target = 3966A16A24A677B20021525E /* Initiative WatchKit App */;
			targetProxy = 3966A16D24A677B20021525E /* PBXContainerItemProxy */;
		};
		3966A17A24A677B40021525E /* PBXTargetDependency */ = {
			isa = PBXTargetDependency;
			target = 3966A17624A677B40021525E /* Initiative WatchKit Extension */;
			targetProxy = 3966A17924A677B40021525E /* PBXContainerItemProxy */;
		};
/* End PBXTargetDependency section */

/* Begin XCBuildConfiguration section */
		3966A18624A677B40021525E /* Debug */ = {
			isa = XCBuildConfiguration;
			buildSettings = {
				ALWAYS_SEARCH_USER_PATHS = NO;
				CLANG_ANALYZER_NONNULL = YES;
				CLANG_ANALYZER_NUMBER_OBJECT_CONVERSION = YES_AGGRESSIVE;
				CLANG_CXX_LANGUAGE_STANDARD = "gnu++14";
				CLANG_CXX_LIBRARY = "libc++";
				CLANG_ENABLE_MODULES = YES;
				CLANG_ENABLE_OBJC_ARC = YES;
				CLANG_ENABLE_OBJC_WEAK = YES;
				CLANG_WARN_BLOCK_CAPTURE_AUTORELEASING = YES;
				CLANG_WARN_BOOL_CONVERSION = YES;
				CLANG_WARN_COMMA = YES;
				CLANG_WARN_CONSTANT_CONVERSION = YES;
				CLANG_WARN_DEPRECATED_OBJC_IMPLEMENTATIONS = YES;
				CLANG_WARN_DIRECT_OBJC_ISA_USAGE = YES_ERROR;
				CLANG_WARN_DOCUMENTATION_COMMENTS = YES;
				CLANG_WARN_EMPTY_BODY = YES;
				CLANG_WARN_ENUM_CONVERSION = YES;
				CLANG_WARN_INFINITE_RECURSION = YES;
				CLANG_WARN_INT_CONVERSION = YES;
				CLANG_WARN_NON_LITERAL_NULL_CONVERSION = YES;
				CLANG_WARN_OBJC_IMPLICIT_RETAIN_SELF = YES;
				CLANG_WARN_OBJC_LITERAL_CONVERSION = YES;
				CLANG_WARN_OBJC_ROOT_CLASS = YES_ERROR;
				CLANG_WARN_QUOTED_INCLUDE_IN_FRAMEWORK_HEADER = YES;
				CLANG_WARN_RANGE_LOOP_ANALYSIS = YES;
				CLANG_WARN_STRICT_PROTOTYPES = YES;
				CLANG_WARN_SUSPICIOUS_MOVE = YES;
				CLANG_WARN_UNGUARDED_AVAILABILITY = YES_AGGRESSIVE;
				CLANG_WARN_UNREACHABLE_CODE = YES;
				CLANG_WARN__DUPLICATE_METHOD_MATCH = YES;
				COPY_PHASE_STRIP = NO;
				DEBUG_INFORMATION_FORMAT = dwarf;
				ENABLE_STRICT_OBJC_MSGSEND = YES;
				ENABLE_TESTABILITY = YES;
				GCC_C_LANGUAGE_STANDARD = gnu11;
				GCC_DYNAMIC_NO_PIC = NO;
				GCC_NO_COMMON_BLOCKS = YES;
				GCC_OPTIMIZATION_LEVEL = 0;
				GCC_PREPROCESSOR_DEFINITIONS = (
					"DEBUG=1",
					"$(inherited)",
				);
				GCC_WARN_64_TO_32_BIT_CONVERSION = YES;
				GCC_WARN_ABOUT_RETURN_TYPE = YES_ERROR;
				GCC_WARN_UNDECLARED_SELECTOR = YES;
				GCC_WARN_UNINITIALIZED_AUTOS = YES_AGGRESSIVE;
				GCC_WARN_UNUSED_FUNCTION = YES;
				GCC_WARN_UNUSED_VARIABLE = YES;
				MTL_ENABLE_DEBUG_INFO = INCLUDE_SOURCE;
				MTL_FAST_MATH = YES;
				ONLY_ACTIVE_ARCH = YES;
				SDKROOT = iphoneos;
				SWIFT_ACTIVE_COMPILATION_CONDITIONS = DEBUG;
				SWIFT_OPTIMIZATION_LEVEL = "-Onone";
			};
			name = Debug;
		};
		3966A18724A677B40021525E /* Release */ = {
			isa = XCBuildConfiguration;
			buildSettings = {
				ALWAYS_SEARCH_USER_PATHS = NO;
				CLANG_ANALYZER_NONNULL = YES;
				CLANG_ANALYZER_NUMBER_OBJECT_CONVERSION = YES_AGGRESSIVE;
				CLANG_CXX_LANGUAGE_STANDARD = "gnu++14";
				CLANG_CXX_LIBRARY = "libc++";
				CLANG_ENABLE_MODULES = YES;
				CLANG_ENABLE_OBJC_ARC = YES;
				CLANG_ENABLE_OBJC_WEAK = YES;
				CLANG_WARN_BLOCK_CAPTURE_AUTORELEASING = YES;
				CLANG_WARN_BOOL_CONVERSION = YES;
				CLANG_WARN_COMMA = YES;
				CLANG_WARN_CONSTANT_CONVERSION = YES;
				CLANG_WARN_DEPRECATED_OBJC_IMPLEMENTATIONS = YES;
				CLANG_WARN_DIRECT_OBJC_ISA_USAGE = YES_ERROR;
				CLANG_WARN_DOCUMENTATION_COMMENTS = YES;
				CLANG_WARN_EMPTY_BODY = YES;
				CLANG_WARN_ENUM_CONVERSION = YES;
				CLANG_WARN_INFINITE_RECURSION = YES;
				CLANG_WARN_INT_CONVERSION = YES;
				CLANG_WARN_NON_LITERAL_NULL_CONVERSION = YES;
				CLANG_WARN_OBJC_IMPLICIT_RETAIN_SELF = YES;
				CLANG_WARN_OBJC_LITERAL_CONVERSION = YES;
				CLANG_WARN_OBJC_ROOT_CLASS = YES_ERROR;
				CLANG_WARN_QUOTED_INCLUDE_IN_FRAMEWORK_HEADER = YES;
				CLANG_WARN_RANGE_LOOP_ANALYSIS = YES;
				CLANG_WARN_STRICT_PROTOTYPES = YES;
				CLANG_WARN_SUSPICIOUS_MOVE = YES;
				CLANG_WARN_UNGUARDED_AVAILABILITY = YES_AGGRESSIVE;
				CLANG_WARN_UNREACHABLE_CODE = YES;
				CLANG_WARN__DUPLICATE_METHOD_MATCH = YES;
				COPY_PHASE_STRIP = NO;
				DEBUG_INFORMATION_FORMAT = "dwarf-with-dsym";
				ENABLE_NS_ASSERTIONS = NO;
				ENABLE_STRICT_OBJC_MSGSEND = YES;
				GCC_C_LANGUAGE_STANDARD = gnu11;
				GCC_NO_COMMON_BLOCKS = YES;
				GCC_WARN_64_TO_32_BIT_CONVERSION = YES;
				GCC_WARN_ABOUT_RETURN_TYPE = YES_ERROR;
				GCC_WARN_UNDECLARED_SELECTOR = YES;
				GCC_WARN_UNINITIALIZED_AUTOS = YES_AGGRESSIVE;
				GCC_WARN_UNUSED_FUNCTION = YES;
				GCC_WARN_UNUSED_VARIABLE = YES;
				MTL_ENABLE_DEBUG_INFO = NO;
				MTL_FAST_MATH = YES;
				SDKROOT = iphoneos;
				SWIFT_COMPILATION_MODE = wholemodule;
				SWIFT_OPTIMIZATION_LEVEL = "-O";
				VALIDATE_PRODUCT = YES;
			};
			name = Release;
		};
		3966A18924A677B40021525E /* Debug */ = {
			isa = XCBuildConfiguration;
			buildSettings = {
				ASSETCATALOG_COMPILER_COMPLICATION_NAME = Complication;
				CODE_SIGN_STYLE = Automatic;
				CURRENT_PROJECT_VERSION = 6;
				DEVELOPMENT_ASSET_PATHS = "\"Initiative WatchKit Extension/Preview Content\"";
				DEVELOPMENT_TEAM = HU85FER47E;
				ENABLE_PREVIEWS = YES;
				INFOPLIST_FILE = "Initiative WatchKit Extension/Info.plist";
				LD_RUNPATH_SEARCH_PATHS = (
					"$(inherited)",
					"@executable_path/Frameworks",
					"@executable_path/../../Frameworks",
				);
				MARKETING_VERSION = 2.0;
				PRODUCT_BUNDLE_IDENTIFIER = io.kilian.Initiative.watchkitapp.watchkitextension;
				PRODUCT_NAME = "${TARGET_NAME}";
				SDKROOT = watchos;
				SKIP_INSTALL = YES;
				SWIFT_VERSION = 5.0;
				TARGETED_DEVICE_FAMILY = 4;
				WATCHOS_DEPLOYMENT_TARGET = 7.0;
			};
			name = Debug;
		};
		3966A18A24A677B40021525E /* Release */ = {
			isa = XCBuildConfiguration;
			buildSettings = {
				ASSETCATALOG_COMPILER_COMPLICATION_NAME = Complication;
				CODE_SIGN_STYLE = Automatic;
				CURRENT_PROJECT_VERSION = 6;
				DEVELOPMENT_ASSET_PATHS = "\"Initiative WatchKit Extension/Preview Content\"";
				DEVELOPMENT_TEAM = HU85FER47E;
				ENABLE_PREVIEWS = YES;
				INFOPLIST_FILE = "Initiative WatchKit Extension/Info.plist";
				LD_RUNPATH_SEARCH_PATHS = (
					"$(inherited)",
					"@executable_path/Frameworks",
					"@executable_path/../../Frameworks",
				);
				MARKETING_VERSION = 2.0;
				PRODUCT_BUNDLE_IDENTIFIER = io.kilian.Initiative.watchkitapp.watchkitextension;
				PRODUCT_NAME = "${TARGET_NAME}";
				SDKROOT = watchos;
				SKIP_INSTALL = YES;
				SWIFT_VERSION = 5.0;
				TARGETED_DEVICE_FAMILY = 4;
				WATCHOS_DEPLOYMENT_TARGET = 7.0;
			};
			name = Release;
		};
		3966A18D24A677B40021525E /* Debug */ = {
			isa = XCBuildConfiguration;
			buildSettings = {
				ALWAYS_EMBED_SWIFT_STANDARD_LIBRARIES = YES;
				ASSETCATALOG_COMPILER_APPICON_NAME = AppIcon;
				ASSETCATALOG_COMPILER_GLOBAL_ACCENT_COLOR_NAME = AccentColor;
				CODE_SIGN_STYLE = Automatic;
				CURRENT_PROJECT_VERSION = 6;
				DEVELOPMENT_TEAM = HU85FER47E;
				IBSC_MODULE = Initiative_WatchKit_Extension;
				INFOPLIST_FILE = "Initiative WatchKit App/Info.plist";
				MARKETING_VERSION = 2.0;
				PRODUCT_BUNDLE_IDENTIFIER = io.kilian.Initiative.watchkitapp;
				PRODUCT_NAME = "$(TARGET_NAME)";
				SDKROOT = watchos;
				SKIP_INSTALL = YES;
				SWIFT_VERSION = 5.0;
				TARGETED_DEVICE_FAMILY = 4;
				WATCHOS_DEPLOYMENT_TARGET = 7.0;
			};
			name = Debug;
		};
		3966A18E24A677B40021525E /* Release */ = {
			isa = XCBuildConfiguration;
			buildSettings = {
				ALWAYS_EMBED_SWIFT_STANDARD_LIBRARIES = YES;
				ASSETCATALOG_COMPILER_APPICON_NAME = AppIcon;
				ASSETCATALOG_COMPILER_GLOBAL_ACCENT_COLOR_NAME = AccentColor;
				CODE_SIGN_STYLE = Automatic;
				CURRENT_PROJECT_VERSION = 6;
				DEVELOPMENT_TEAM = HU85FER47E;
				IBSC_MODULE = Initiative_WatchKit_Extension;
				INFOPLIST_FILE = "Initiative WatchKit App/Info.plist";
				MARKETING_VERSION = 2.0;
				PRODUCT_BUNDLE_IDENTIFIER = io.kilian.Initiative.watchkitapp;
				PRODUCT_NAME = "$(TARGET_NAME)";
				SDKROOT = watchos;
				SKIP_INSTALL = YES;
				SWIFT_VERSION = 5.0;
				TARGETED_DEVICE_FAMILY = 4;
				WATCHOS_DEPLOYMENT_TARGET = 7.0;
			};
			name = Release;
		};
		3966A19124A677B40021525E /* Debug */ = {
			isa = XCBuildConfiguration;
			buildSettings = {
				ASSETCATALOG_COMPILER_GLOBAL_ACCENT_COLOR_NAME = AccentColor;
				CODE_SIGN_STYLE = Automatic;
				CURRENT_PROJECT_VERSION = 6;
				DEVELOPMENT_TEAM = HU85FER47E;
				MARKETING_VERSION = 2.0;
				PRODUCT_BUNDLE_IDENTIFIER = io.kilian.Initiative;
				PRODUCT_NAME = "$(TARGET_NAME)";
				SWIFT_VERSION = 5.0;
			};
			name = Debug;
		};
		3966A19224A677B40021525E /* Release */ = {
			isa = XCBuildConfiguration;
			buildSettings = {
				ASSETCATALOG_COMPILER_GLOBAL_ACCENT_COLOR_NAME = AccentColor;
				CODE_SIGN_STYLE = Automatic;
				CURRENT_PROJECT_VERSION = 6;
				DEVELOPMENT_TEAM = HU85FER47E;
				MARKETING_VERSION = 2.0;
				PRODUCT_BUNDLE_IDENTIFIER = io.kilian.Initiative;
				PRODUCT_NAME = "$(TARGET_NAME)";
				SWIFT_VERSION = 5.0;
			};
			name = Release;
		};
/* End XCBuildConfiguration section */

/* Begin XCConfigurationList section */
		3966A16424A677B20021525E /* Build configuration list for PBXProject "Initiative" */ = {
			isa = XCConfigurationList;
			buildConfigurations = (
				3966A18624A677B40021525E /* Debug */,
				3966A18724A677B40021525E /* Release */,
			);
			defaultConfigurationIsVisible = 0;
			defaultConfigurationName = Release;
		};
		3966A18824A677B40021525E /* Build configuration list for PBXNativeTarget "Initiative WatchKit Extension" */ = {
			isa = XCConfigurationList;
			buildConfigurations = (
				3966A18924A677B40021525E /* Debug */,
				3966A18A24A677B40021525E /* Release */,
			);
			defaultConfigurationIsVisible = 0;
			defaultConfigurationName = Release;
		};
		3966A18C24A677B40021525E /* Build configuration list for PBXNativeTarget "Initiative WatchKit App" */ = {
			isa = XCConfigurationList;
			buildConfigurations = (
				3966A18D24A677B40021525E /* Debug */,
				3966A18E24A677B40021525E /* Release */,
			);
			defaultConfigurationIsVisible = 0;
			defaultConfigurationName = Release;
		};
		3966A19024A677B40021525E /* Build configuration list for PBXNativeTarget "Initiative" */ = {
			isa = XCConfigurationList;
			buildConfigurations = (
				3966A19124A677B40021525E /* Debug */,
				3966A19224A677B40021525E /* Release */,
			);
			defaultConfigurationIsVisible = 0;
			defaultConfigurationName = Release;
		};
/* End XCConfigurationList section */

/* Begin XCRemoteSwiftPackageReference section */
		39B05C25261444740032426B /* XCRemoteSwiftPackageReference "swift-composable-architecture" */ = {
			isa = XCRemoteSwiftPackageReference;
			repositoryURL = "https://github.com/pointfreeco/swift-composable-architecture.git";
			requirement = {
				kind = upToNextMajorVersion;
				minimumVersion = 0.17.0;
			};
		};
/* End XCRemoteSwiftPackageReference section */

/* Begin XCSwiftPackageProductDependency section */
		39B05C26261444740032426B /* ComposableArchitecture */ = {
			isa = XCSwiftPackageProductDependency;
			package = 39B05C25261444740032426B /* XCRemoteSwiftPackageReference "swift-composable-architecture" */;
			productName = ComposableArchitecture;
		};
		39B05C28261444C00032426B /* ComposableArchitecture */ = {
			isa = XCSwiftPackageProductDependency;
			package = 39B05C25261444740032426B /* XCRemoteSwiftPackageReference "swift-composable-architecture" */;
			productName = ComposableArchitecture;
		};
/* End XCSwiftPackageProductDependency section */
	};
	rootObject = 3966A16124A677B20021525E /* Project object */;
}
